PODS:
  - DatePicker (0.1.8):
    - Extended
  - Extended (1.0.1)

DEPENDENCIES:
  - DatePicker (from `../`)

SPEC REPOS:
  https://github.com/cocoapods/specs.git:
    - Extended

EXTERNAL SOURCES:
  DatePicker:
    :path: "../"

SPEC CHECKSUMS:
  DatePicker: 2dccd23b3adaa4653c71f8ce989e69f94964ff99
  Extended: 6333baca31ee8097bec89347e3c576347c77534c

PODFILE CHECKSUM: 56090e89a3acd022339bee856a8f54e1d88461bb

COCOAPODS: 1.6.0.beta.1
