PODS:
  - DatePicker (1.0.0):
    - Extended
  - Extended (1.0.5)

DEPENDENCIES:
  - DatePicker (from `../`)

SPEC REPOS:
  trunk:
    - Extended

EXTERNAL SOURCES:
  DatePicker:
    :path: "../"

SPEC CHECKSUMS:
  DatePicker: 9a41e094bf5e6e53fea4064bbcf16bdc8bfcc047
  Extended: c463225e0c29b2823847866c1b106827772ac678

PODFILE CHECKSUM: 56090e89a3acd022339bee856a8f54e1d88461bb

COCOAPODS: 1.9.3
